
Microsoft Visual Studio Solution File, Format Version 12.00
# Visual Studio 15
VisualStudioVersion = 15.0.27428.2015
MinimumVisualStudioVersion = 10.0.40219.1
Project("{FAE04EC0-301F-11D3-BF4B-00C04F79EFBC}") = "Madelain", "Madelain\Madelain.csproj", "{B56CD1AF-D414-4501-94AE-73F24D26CC38}"
EndProject
Global
	GlobalSection(SolutionConfigurationPlatforms) = preSolution
		Debug|Any CPU = Debug|Any CPU
		Release|Any CPU = Release|Any CPU
	EndGlobalSection
	GlobalSection(ProjectConfigurationPlatforms) = postSolution
		{B56CD1AF-D414-4501-94AE-73F24D26CC38}.Debug|Any CPU.ActiveCfg = Debug|Any CPU
		{B56CD1AF-D414-4501-94AE-73F24D26CC38}.Debug|Any CPU.Build.0 = Debug|Any CPU
		{B56CD1AF-D414-4501-94AE-73F24D26CC38}.Release|Any CPU.ActiveCfg = Release|Any CPU
		{B56CD1AF-D414-4501-94AE-73F24D26CC38}.Release|Any CPU.Build.0 = Release|Any CPU
	EndGlobalSection
	GlobalSection(SolutionProperties) = preSolution
		HideSolutionNode = FALSE
	EndGlobalSection
	GlobalSection(ExtensibilityGlobals) = postSolution
		SolutionGuid = {5EC6E0F6-D7D5-4177-8ADB-6EE847F8461D}
	EndGlobalSection
EndGlobal
